
Microsoft Visual Studio Solution File, Format Version 12.00
# Visual Studio Version 16
VisualStudioVersion = 16.0.29806.167
MinimumVisualStudioVersion = 10.0.40219.1
Project("{9A19103F-16F7-4668-BE54-9A1E7A4F7556}") = "Auth", "Auth\Auth.csproj", "{D545DB71-4349-4E8E-B471-37E63261E6E7}"
EndProject
Project("{FAE04EC0-301F-11D3-BF4B-00C04F79EFBC}") = "Portal.BE", "Portal.BE\Portal.BE.csproj", "{0835238C-DE7B-4150-BEFA-351C38668737}"
EndProject
Project("{FAE04EC0-301F-11D3-BF4B-00C04F79EFBC}") = "Portal.FE", "Portal.FE\Portal.FE.csproj", "{4D24686A-5A5B-4F75-B07C-4DCE62D8C7A6}"
EndProject
Global
	GlobalSection(SolutionConfigurationPlatforms) = preSolution
		Debug|Any CPU = Debug|Any CPU
		Release|Any CPU = Release|Any CPU
	EndGlobalSection
	GlobalSection(ProjectConfigurationPlatforms) = postSolution
		{D545DB71-4349-4E8E-B471-37E63261E6E7}.Debug|Any CPU.ActiveCfg = Debug|Any CPU
		{D545DB71-4349-4E8E-B471-37E63261E6E7}.Debug|Any CPU.Build.0 = Debug|Any CPU
		{D545DB71-4349-4E8E-B471-37E63261E6E7}.Release|Any CPU.ActiveCfg = Release|Any CPU
		{D545DB71-4349-4E8E-B471-37E63261E6E7}.Release|Any CPU.Build.0 = Release|Any CPU
		{0835238C-DE7B-4150-BEFA-351C38668737}.Debug|Any CPU.ActiveCfg = Debug|Any CPU
		{0835238C-DE7B-4150-BEFA-351C38668737}.Debug|Any CPU.Build.0 = Debug|Any CPU
		{0835238C-DE7B-4150-BEFA-351C38668737}.Release|Any CPU.ActiveCfg = Release|Any CPU
		{0835238C-DE7B-4150-BEFA-351C38668737}.Release|Any CPU.Build.0 = Release|Any CPU
		{4D24686A-5A5B-4F75-B07C-4DCE62D8C7A6}.Debug|Any CPU.ActiveCfg = Debug|Any CPU
		{4D24686A-5A5B-4F75-B07C-4DCE62D8C7A6}.Debug|Any CPU.Build.0 = Debug|Any CPU
		{4D24686A-5A5B-4F75-B07C-4DCE62D8C7A6}.Release|Any CPU.ActiveCfg = Release|Any CPU
		{4D24686A-5A5B-4F75-B07C-4DCE62D8C7A6}.Release|Any CPU.Build.0 = Release|Any CPU
	EndGlobalSection
	GlobalSection(SolutionProperties) = preSolution
		HideSolutionNode = FALSE
	EndGlobalSection
	GlobalSection(ExtensibilityGlobals) = postSolution
		SolutionGuid = {7D42E157-82FF-4D78-BEBF-A0C4C870168F}
	EndGlobalSection
EndGlobal
